
Microsoft Visual Studio Solution File, Format Version 12.00
# Visual Studio Version 17
VisualStudioVersion = 17.11.35312.102
MinimumVisualStudioVersion = 10.0.40219.1
Project("{FAE04EC0-301F-11D3-BF4B-00C04F79EFBC}") = "lab004", "lab004\lab004.csproj", "{69202005-5B07-4F45-95C8-524B7E26A35E}"
EndProject
Project("{FAE04EC0-301F-11D3-BF4B-00C04F79EFBC}") = "zadanie2", "zadanie2\zadanie2.csproj", "{5FDEFFE5-7254-4E33-B019-D65CDDECBCE5}"
EndProject
Project("{FAE04EC0-301F-11D3-BF4B-00C04F79EFBC}") = "zadanie3", "zadanie3\zadanie3.csproj", "{A09C55AE-25A9-4FA3-83A8-F715061A3D11}"
EndProject
Global
	GlobalSection(SolutionConfigurationPlatforms) = preSolution
		Debug|Any CPU = Debug|Any CPU
		Release|Any CPU = Release|Any CPU
	EndGlobalSection
	GlobalSection(ProjectConfigurationPlatforms) = postSolution
		{69202005-5B07-4F45-95C8-524B7E26A35E}.Debug|Any CPU.ActiveCfg = Debug|Any CPU
		{69202005-5B07-4F45-95C8-524B7E26A35E}.Debug|Any CPU.Build.0 = Debug|Any CPU
		{69202005-5B07-4F45-95C8-524B7E26A35E}.Release|Any CPU.ActiveCfg = Release|Any CPU
		{69202005-5B07-4F45-95C8-524B7E26A35E}.Release|Any CPU.Build.0 = Release|Any CPU
		{5FDEFFE5-7254-4E33-B019-D65CDDECBCE5}.Debug|Any CPU.ActiveCfg = Debug|Any CPU
		{5FDEFFE5-7254-4E33-B019-D65CDDECBCE5}.Debug|Any CPU.Build.0 = Debug|Any CPU
		{5FDEFFE5-7254-4E33-B019-D65CDDECBCE5}.Release|Any CPU.ActiveCfg = Release|Any CPU
		{5FDEFFE5-7254-4E33-B019-D65CDDECBCE5}.Release|Any CPU.Build.0 = Release|Any CPU
		{A09C55AE-25A9-4FA3-83A8-F715061A3D11}.Debug|Any CPU.ActiveCfg = Debug|Any CPU
		{A09C55AE-25A9-4FA3-83A8-F715061A3D11}.Debug|Any CPU.Build.0 = Debug|Any CPU
		{A09C55AE-25A9-4FA3-83A8-F715061A3D11}.Release|Any CPU.ActiveCfg = Release|Any CPU
		{A09C55AE-25A9-4FA3-83A8-F715061A3D11}.Release|Any CPU.Build.0 = Release|Any CPU
	EndGlobalSection
	GlobalSection(SolutionProperties) = preSolution
		HideSolutionNode = FALSE
	EndGlobalSection
	GlobalSection(ExtensibilityGlobals) = postSolution
		SolutionGuid = {A340074E-8AA5-4A4C-B619-C346E3B5ACC5}
	EndGlobalSection
EndGlobal
